// !$*UTF8*$!
{
	archiveVersion = 1;
	classes = {
	};
	objectVersion = 46;
	objects = {

/* Begin PBXBuildFile section */
		6BA7E0FF1DF5037C0037CC79 /* AppDelegate.swift in Sources */ = {isa = PBXBuildFile; fileRef = 6BA7E0FE1DF5037C0037CC79 /* AppDelegate.swift */; };
		6BA7E1011DF5037C0037CC79 /* ViewController.swift in Sources */ = {isa = PBXBuildFile; fileRef = 6BA7E1001DF5037C0037CC79 /* ViewController.swift */; };
		6BA7E1041DF5037C0037CC79 /* Main.storyboard in Resources */ = {isa = PBXBuildFile; fileRef = 6BA7E1021DF5037C0037CC79 /* Main.storyboard */; };
		6BA7E1061DF5037C0037CC79 /* Assets.xcassets in Resources */ = {isa = PBXBuildFile; fileRef = 6BA7E1051DF5037C0037CC79 /* Assets.xcassets */; };
		6BA7E1091DF5037C0037CC79 /* LaunchScreen.storyboard in Resources */ = {isa = PBXBuildFile; fileRef = 6BA7E1071DF5037C0037CC79 /* LaunchScreen.storyboard */; };
		6BA7E1141DF5037D0037CC79 /* SpeechToTextTests.swift in Sources */ = {isa = PBXBuildFile; fileRef = 6BA7E1131DF5037D0037CC79 /* SpeechToTextTests.swift */; };
		6BA7E11F1DF5037D0037CC79 /* SpeechToTextUITests.swift in Sources */ = {isa = PBXBuildFile; fileRef = 6BA7E11E1DF5037D0037CC79 /* SpeechToTextUITests.swift */; };
/* End PBXBuildFile section */

/* Begin PBXContainerItemProxy section */
		6BA7E1101DF5037D0037CC79 /* PBXContainerItemProxy */ = {
			isa = PBXContainerItemProxy;
			containerPortal = 6BA7E0F31DF5037C0037CC79 /* Project object */;
			proxyType = 1;
			remoteGlobalIDString = 6BA7E0FA1DF5037C0037CC79;
			remoteInfo = SpeechToText;
		};
		6BA7E11B1DF5037D0037CC79 /* PBXContainerItemProxy */ = {
			isa = PBXContainerItemProxy;
			containerPortal = 6BA7E0F31DF5037C0037CC79 /* Project object */;
			proxyType = 1;
			remoteGlobalIDString = 6BA7E0FA1DF5037C0037CC79;
			remoteInfo = SpeechToText;
		};
/* End PBXContainerItemProxy section */

/* Begin PBXFileReference section */
		6BA7E0FB1DF5037C0037CC79 /* SpeechToText.app */ = {isa = PBXFileReference; explicitFileType = wrapper.application; includeInIndex = 0; path = SpeechToText.app; sourceTree = BUILT_PRODUCTS_DIR; };
		6BA7E0FE1DF5037C0037CC79 /* AppDelegate.swift */ = {isa = PBXFileReference; lastKnownFileType = sourcecode.swift; path = AppDelegate.swift; sourceTree = "<group>"; };
		6BA7E1001DF5037C0037CC79 /* ViewController.swift */ = {isa = PBXFileReference; lastKnownFileType = sourcecode.swift; path = ViewController.swift; sourceTree = "<group>"; };
		6BA7E1031DF5037C0037CC79 /* Base */ = {isa = PBXFileReference; lastKnownFileType = file.storyboard; name = Base; path = Base.lproj/Main.storyboard; sourceTree = "<group>"; };
		6BA7E1051DF5037C0037CC79 /* Assets.xcassets */ = {isa = PBXFileReference; lastKnownFileType = folder.assetcatalog; path = Assets.xcassets; sourceTree = "<group>"; };
		6BA7E1081DF5037C0037CC79 /* Base */ = {isa = PBXFileReference; lastKnownFileType = file.storyboard; name = Base; path = Base.lproj/LaunchScreen.storyboard; sourceTree = "<group>"; };
		6BA7E10A1DF5037C0037CC79 /* Info.plist */ = {isa = PBXFileReference; lastKnownFileType = text.plist.xml; path = Info.plist; sourceTree = "<group>"; };
		6BA7E10F1DF5037D0037CC79 /* SpeechToTextTests.xctest */ = {isa = PBXFileReference; explicitFileType = wrapper.cfbundle; includeInIndex = 0; path = SpeechToTextTests.xctest; sourceTree = BUILT_PRODUCTS_DIR; };
		6BA7E1131DF5037D0037CC79 /* SpeechToTextTests.swift */ = {isa = PBXFileReference; lastKnownFileType = sourcecode.swift; path = SpeechToTextTests.swift; sourceTree = "<group>"; };
		6BA7E1151DF5037D0037CC79 /* Info.plist */ = {isa = PBXFileReference; lastKnownFileType = text.plist.xml; path = Info.plist; sourceTree = "<group>"; };
		6BA7E11A1DF5037D0037CC79 /* SpeechToTextUITests.xctest */ = {isa = PBXFileReference; explicitFileType = wrapper.cfbundle; includeInIndex = 0; path = SpeechToTextUITests.xctest; sourceTree = BUILT_PRODUCTS_DIR; };
		6BA7E11E1DF5037D0037CC79 /* SpeechToTextUITests.swift */ = {isa = PBXFileReference; lastKnownFileType = sourcecode.swift; path = SpeechToTextUITests.swift; sourceTree = "<group>"; };
		6BA7E1201DF5037D0037CC79 /* Info.plist */ = {isa = PBXFileReference; lastKnownFileType = text.plist.xml; path = Info.plist; sourceTree = "<group>"; };
/* End PBXFileReference section */

/* Begin PBXFrameworksBuildPhase section */
		6BA7E0F81DF5037C0037CC79 /* Frameworks */ = {
			isa = PBXFrameworksBuildPhase;
			buildActionMask = 2147483647;
			files = (
			);
			runOnlyForDeploymentPostprocessing = 0;
		};
		6BA7E10C1DF5037D0037CC79 /* Frameworks */ = {
			isa = PBXFrameworksBuildPhase;
			buildActionMask = 2147483647;
			files = (
			);
			runOnlyForDeploymentPostprocessing = 0;
		};
		6BA7E1171DF5037D0037CC79 /* Frameworks */ = {
			isa = PBXFrameworksBuildPhase;
			buildActionMask = 2147483647;
			files = (
			);
			runOnlyForDeploymentPostprocessing = 0;
		};
/* End PBXFrameworksBuildPhase section */

/* Begin PBXGroup section */
		6BA7E0F21DF5037C0037CC79 = {
			isa = PBXGroup;
			children = (
				6BA7E0FD1DF5037C0037CC79 /* SpeechToText */,
				6BA7E1121DF5037D0037CC79 /* SpeechToTextTests */,
				6BA7E11D1DF5037D0037CC79 /* SpeechToTextUITests */,
				6BA7E0FC1DF5037C0037CC79 /* Products */,
			);
			sourceTree = "<group>";
		};
		6BA7E0FC1DF5037C0037CC79 /* Products */ = {
			isa = PBXGroup;
			children = (
				6BA7E0FB1DF5037C0037CC79 /* SpeechToText.app */,
				6BA7E10F1DF5037D0037CC79 /* SpeechToTextTests.xctest */,
				6BA7E11A1DF5037D0037CC79 /* SpeechToTextUITests.xctest */,
			);
			name = Products;
			sourceTree = "<group>";
		};
		6BA7E0FD1DF5037C0037CC79 /* SpeechToText */ = {
			isa = PBXGroup;
			children = (
				6BA7E0FE1DF5037C0037CC79 /* AppDelegate.swift */,
				6BA7E1001DF5037C0037CC79 /* ViewController.swift */,
				6BA7E1021DF5037C0037CC79 /* Main.storyboard */,
				6BA7E1051DF5037C0037CC79 /* Assets.xcassets */,
				6BA7E1071DF5037C0037CC79 /* LaunchScreen.storyboard */,
				6BA7E10A1DF5037C0037CC79 /* Info.plist */,
			);
			path = SpeechToText;
			sourceTree = "<group>";
		};
		6BA7E1121DF5037D0037CC79 /* SpeechToTextTests */ = {
			isa = PBXGroup;
			children = (
				6BA7E1131DF5037D0037CC79 /* SpeechToTextTests.swift */,
				6BA7E1151DF5037D0037CC79 /* Info.plist */,
			);
			path = SpeechToTextTests;
			sourceTree = "<group>";
		};
		6BA7E11D1DF5037D0037CC79 /* SpeechToTextUITests */ = {
			isa = PBXGroup;
			children = (
				6BA7E11E1DF5037D0037CC79 /* SpeechToTextUITests.swift */,
				6BA7E1201DF5037D0037CC79 /* Info.plist */,
			);
			path = SpeechToTextUITests;
			sourceTree = "<group>";
		};
/* End PBXGroup section */

/* Begin PBXNativeTarget section */
		6BA7E0FA1DF5037C0037CC79 /* SpeechToText */ = {
			isa = PBXNativeTarget;
			buildConfigurationList = 6BA7E1231DF5037D0037CC79 /* Build configuration list for PBXNativeTarget "SpeechToText" */;
			buildPhases = (
				6BA7E0F71DF5037C0037CC79 /* Sources */,
				6BA7E0F81DF5037C0037CC79 /* Frameworks */,
				6BA7E0F91DF5037C0037CC79 /* Resources */,
			);
			buildRules = (
			);
			dependencies = (
			);
			name = SpeechToText;
			productName = SpeechToText;
			productReference = 6BA7E0FB1DF5037C0037CC79 /* SpeechToText.app */;
			productType = "com.apple.product-type.application";
		};
		6BA7E10E1DF5037D0037CC79 /* SpeechToTextTests */ = {
			isa = PBXNativeTarget;
			buildConfigurationList = 6BA7E1261DF5037D0037CC79 /* Build configuration list for PBXNativeTarget "SpeechToTextTests" */;
			buildPhases = (
				6BA7E10B1DF5037D0037CC79 /* Sources */,
				6BA7E10C1DF5037D0037CC79 /* Frameworks */,
				6BA7E10D1DF5037D0037CC79 /* Resources */,
			);
			buildRules = (
			);
			dependencies = (
				6BA7E1111DF5037D0037CC79 /* PBXTargetDependency */,
			);
			name = SpeechToTextTests;
			productName = SpeechToTextTests;
			productReference = 6BA7E10F1DF5037D0037CC79 /* SpeechToTextTests.xctest */;
			productType = "com.apple.product-type.bundle.unit-test";
		};
		6BA7E1191DF5037D0037CC79 /* SpeechToTextUITests */ = {
			isa = PBXNativeTarget;
			buildConfigurationList = 6BA7E1291DF5037D0037CC79 /* Build configuration list for PBXNativeTarget "SpeechToTextUITests" */;
			buildPhases = (
				6BA7E1161DF5037D0037CC79 /* Sources */,
				6BA7E1171DF5037D0037CC79 /* Frameworks */,
				6BA7E1181DF5037D0037CC79 /* Resources */,
			);
			buildRules = (
			);
			dependencies = (
				6BA7E11C1DF5037D0037CC79 /* PBXTargetDependency */,
			);
			name = SpeechToTextUITests;
			productName = SpeechToTextUITests;
			productReference = 6BA7E11A1DF5037D0037CC79 /* SpeechToTextUITests.xctest */;
			productType = "com.apple.product-type.bundle.ui-testing";
		};
/* End PBXNativeTarget section */

/* Begin PBXProject section */
		6BA7E0F31DF5037C0037CC79 /* Project object */ = {
			isa = PBXProject;
			attributes = {
				LastSwiftUpdateCheck = 0810;
				LastUpgradeCheck = 0810;
				ORGANIZATIONNAME = "何晓文";
				TargetAttributes = {
					6BA7E0FA1DF5037C0037CC79 = {
						CreatedOnToolsVersion = 8.1;
						DevelopmentTeam = 3F4YR8N9NF;
						ProvisioningStyle = Automatic;
					};
					6BA7E10E1DF5037D0037CC79 = {
						CreatedOnToolsVersion = 8.1;
						DevelopmentTeam = 3F4YR8N9NF;
						ProvisioningStyle = Automatic;
						TestTargetID = 6BA7E0FA1DF5037C0037CC79;
					};
					6BA7E1191DF5037D0037CC79 = {
						CreatedOnToolsVersion = 8.1;
						DevelopmentTeam = 3F4YR8N9NF;
						ProvisioningStyle = Automatic;
						TestTargetID = 6BA7E0FA1DF5037C0037CC79;
					};
				};
			};
			buildConfigurationList = 6BA7E0F61DF5037C0037CC79 /* Build configuration list for PBXProject "SpeechToText" */;
			compatibilityVersion = "Xcode 3.2";
			developmentRegion = English;
			hasScannedForEncodings = 0;
			knownRegions = (
				en,
				Base,
			);
			mainGroup = 6BA7E0F21DF5037C0037CC79;
			productRefGroup = 6BA7E0FC1DF5037C0037CC79 /* Products */;
			projectDirPath = "";
			projectRoot = "";
			targets = (
				6BA7E0FA1DF5037C0037CC79 /* SpeechToText */,
				6BA7E10E1DF5037D0037CC79 /* SpeechToTextTests */,
				6BA7E1191DF5037D0037CC79 /* SpeechToTextUITests */,
			);
		};
/* End PBXProject section */

/* Begin PBXResourcesBuildPhase section */
		6BA7E0F91DF5037C0037CC79 /* Resources */ = {
			isa = PBXResourcesBuildPhase;
			buildActionMask = 2147483647;
			files = (
				6BA7E1091DF5037C0037CC79 /* LaunchScreen.storyboard in Resources */,
				6BA7E1061DF5037C0037CC79 /* Assets.xcassets in Resources */,
				6BA7E1041DF5037C0037CC79 /* Main.storyboard in Resources */,
			);
			runOnlyForDeploymentPostprocessing = 0;
		};
		6BA7E10D1DF5037D0037CC79 /* Resources */ = {
			isa = PBXResourcesBuildPhase;
			buildActionMask = 2147483647;
			files = (
			);
			runOnlyForDeploymentPostprocessing = 0;
		};
		6BA7E1181DF5037D0037CC79 /* Resources */ = {
			isa = PBXResourcesBuildPhase;
			buildActionMask = 2147483647;
			files = (
			);
			runOnlyForDeploymentPostprocessing = 0;
		};
/* End PBXResourcesBuildPhase section */

/* Begin PBXSourcesBuildPhase section */
		6BA7E0F71DF5037C0037CC79 /* Sources */ = {
			isa = PBXSourcesBuildPhase;
			buildActionMask = 2147483647;
			files = (
				6BA7E1011DF5037C0037CC79 /* ViewController.swift in Sources */,
				6BA7E0FF1DF5037C0037CC79 /* AppDelegate.swift in Sources */,
			);
			runOnlyForDeploymentPostprocessing = 0;
		};
		6BA7E10B1DF5037D0037CC79 /* Sources */ = {
			isa = PBXSourcesBuildPhase;
			buildActionMask = 2147483647;
			files = (
				6BA7E1141DF5037D0037CC79 /* SpeechToTextTests.swift in Sources */,
			);
			runOnlyForDeploymentPostprocessing = 0;
		};
		6BA7E1161DF5037D0037CC79 /* Sources */ = {
			isa = PBXSourcesBuildPhase;
			buildActionMask = 2147483647;
			files = (
				6BA7E11F1DF5037D0037CC79 /* SpeechToTextUITests.swift in Sources */,
			);
			runOnlyForDeploymentPostprocessing = 0;
		};
/* End PBXSourcesBuildPhase section */

/* Begin PBXTargetDependency section */
		6BA7E1111DF5037D0037CC79 /* PBXTargetDependency */ = {
			isa = PBXTargetDependency;
			target = 6BA7E0FA1DF5037C0037CC79 /* SpeechToText */;
			targetProxy = 6BA7E1101DF5037D0037CC79 /* PBXContainerItemProxy */;
		};
		6BA7E11C1DF5037D0037CC79 /* PBXTargetDependency */ = {
			isa = PBXTargetDependency;
			target = 6BA7E0FA1DF5037C0037CC79 /* SpeechToText */;
			targetProxy = 6BA7E11B1DF5037D0037CC79 /* PBXContainerItemProxy */;
		};
/* End PBXTargetDependency section */

/* Begin PBXVariantGroup section */
		6BA7E1021DF5037C0037CC79 /* Main.storyboard */ = {
			isa = PBXVariantGroup;
			children = (
				6BA7E1031DF5037C0037CC79 /* Base */,
			);
			name = Main.storyboard;
			sourceTree = "<group>";
		};
		6BA7E1071DF5037C0037CC79 /* LaunchScreen.storyboard */ = {
			isa = PBXVariantGroup;
			children = (
				6BA7E1081DF5037C0037CC79 /* Base */,
			);
			name = LaunchScreen.storyboard;
			sourceTree = "<group>";
		};
/* End PBXVariantGroup section */

/* Begin XCBuildConfiguration section */
		6BA7E1211DF5037D0037CC79 /* Debug */ = {
			isa = XCBuildConfiguration;
			buildSettings = {
				ALWAYS_SEARCH_USER_PATHS = NO;
				CLANG_ANALYZER_NONNULL = YES;
				CLANG_CXX_LANGUAGE_STANDARD = "gnu++0x";
				CLANG_CXX_LIBRARY = "libc++";
				CLANG_ENABLE_MODULES = YES;
				CLANG_ENABLE_OBJC_ARC = YES;
				CLANG_WARN_BOOL_CONVERSION = YES;
				CLANG_WARN_CONSTANT_CONVERSION = YES;
				CLANG_WARN_DIRECT_OBJC_ISA_USAGE = YES_ERROR;
				CLANG_WARN_DOCUMENTATION_COMMENTS = YES;
				CLANG_WARN_EMPTY_BODY = YES;
				CLANG_WARN_ENUM_CONVERSION = YES;
				CLANG_WARN_INFINITE_RECURSION = YES;
				CLANG_WARN_INT_CONVERSION = YES;
				CLANG_WARN_OBJC_ROOT_CLASS = YES_ERROR;
				CLANG_WARN_SUSPICIOUS_MOVES = YES;
				CLANG_WARN_UNREACHABLE_CODE = YES;
				CLANG_WARN__DUPLICATE_METHOD_MATCH = YES;
				"CODE_SIGN_IDENTITY[sdk=iphoneos*]" = "iPhone Developer";
				COPY_PHASE_STRIP = NO;
				DEBUG_INFORMATION_FORMAT = dwarf;
				ENABLE_STRICT_OBJC_MSGSEND = YES;
				ENABLE_TESTABILITY = YES;
				GCC_C_LANGUAGE_STANDARD = gnu99;
				GCC_DYNAMIC_NO_PIC = NO;
				GCC_NO_COMMON_BLOCKS = YES;
				GCC_OPTIMIZATION_LEVEL = 0;
				GCC_PREPROCESSOR_DEFINITIONS = (
					"DEBUG=1",
					"$(inherited)",
				);
				GCC_WARN_64_TO_32_BIT_CONVERSION = YES;
				GCC_WARN_ABOUT_RETURN_TYPE = YES_ERROR;
				GCC_WARN_UNDECLARED_SELECTOR = YES;
				GCC_WARN_UNINITIALIZED_AUTOS = YES_AGGRESSIVE;
				GCC_WARN_UNUSED_FUNCTION = YES;
				GCC_WARN_UNUSED_VARIABLE = YES;
				IPHONEOS_DEPLOYMENT_TARGET = 10.1;
				MTL_ENABLE_DEBUG_INFO = YES;
				ONLY_ACTIVE_ARCH = YES;
				SDKROOT = iphoneos;
				SWIFT_ACTIVE_COMPILATION_CONDITIONS = DEBUG;
				SWIFT_OPTIMIZATION_LEVEL = "-Onone";
			};
			name = Debug;
		};
		6BA7E1221DF5037D0037CC79 /* Release */ = {
			isa = XCBuildConfiguration;
			buildSettings = {
				ALWAYS_SEARCH_USER_PATHS = NO;
				CLANG_ANALYZER_NONNULL = YES;
				CLANG_CXX_LANGUAGE_STANDARD = "gnu++0x";
				CLANG_CXX_LIBRARY = "libc++";
				CLANG_ENABLE_MODULES = YES;
				CLANG_ENABLE_OBJC_ARC = YES;
				CLANG_WARN_BOOL_CONVERSION = YES;
				CLANG_WARN_CONSTANT_CONVERSION = YES;
				CLANG_WARN_DIRECT_OBJC_ISA_USAGE = YES_ERROR;
				CLANG_WARN_DOCUMENTATION_COMMENTS = YES;
				CLANG_WARN_EMPTY_BODY = YES;
				CLANG_WARN_ENUM_CONVERSION = YES;
				CLANG_WARN_INFINITE_RECURSION = YES;
				CLANG_WARN_INT_CONVERSION = YES;
				CLANG_WARN_OBJC_ROOT_CLASS = YES_ERROR;
				CLANG_WARN_SUSPICIOUS_MOVES = YES;
				CLANG_WARN_UNREACHABLE_CODE = YES;
				CLANG_WARN__DUPLICATE_METHOD_MATCH = YES;
				"CODE_SIGN_IDENTITY[sdk=iphoneos*]" = "iPhone Developer";
				COPY_PHASE_STRIP = NO;
				DEBUG_INFORMATION_FORMAT = "dwarf-with-dsym";
				ENABLE_NS_ASSERTIONS = NO;
				ENABLE_STRICT_OBJC_MSGSEND = YES;
				GCC_C_LANGUAGE_STANDARD = gnu99;
				GCC_NO_COMMON_BLOCKS = YES;
				GCC_WARN_64_TO_32_BIT_CONVERSION = YES;
				GCC_WARN_ABOUT_RETURN_TYPE = YES_ERROR;
				GCC_WARN_UNDECLARED_SELECTOR = YES;
				GCC_WARN_UNINITIALIZED_AUTOS = YES_AGGRESSIVE;
				GCC_WARN_UNUSED_FUNCTION = YES;
				GCC_WARN_UNUSED_VARIABLE = YES;
				IPHONEOS_DEPLOYMENT_TARGET = 10.1;
				MTL_ENABLE_DEBUG_INFO = NO;
				SDKROOT = iphoneos;
				SWIFT_OPTIMIZATION_LEVEL = "-Owholemodule";
				VALIDATE_PRODUCT = YES;
			};
			name = Release;
		};
		6BA7E1241DF5037D0037CC79 /* Debug */ = {
			isa = XCBuildConfiguration;
			buildSettings = {
				ASSETCATALOG_COMPILER_APPICON_NAME = AppIcon;
				DEVELOPMENT_TEAM = 3F4YR8N9NF;
				INFOPLIST_FILE = SpeechToText/Info.plist;
				LD_RUNPATH_SEARCH_PATHS = "$(inherited) @executable_path/Frameworks";
				PRODUCT_BUNDLE_IDENTIFIER = com.Royce.SpeechToText;
				PRODUCT_NAME = "$(TARGET_NAME)";
				SWIFT_VERSION = 3.0;
			};
			name = Debug;
		};
		6BA7E1251DF5037D0037CC79 /* Release */ = {
			isa = XCBuildConfiguration;
			buildSettings = {
				ASSETCATALOG_COMPILER_APPICON_NAME = AppIcon;
				DEVELOPMENT_TEAM = 3F4YR8N9NF;
				INFOPLIST_FILE = SpeechToText/Info.plist;
				LD_RUNPATH_SEARCH_PATHS = "$(inherited) @executable_path/Frameworks";
				PRODUCT_BUNDLE_IDENTIFIER = com.Royce.SpeechToText;
				PRODUCT_NAME = "$(TARGET_NAME)";
				SWIFT_VERSION = 3.0;
			};
			name = Release;
		};
		6BA7E1271DF5037D0037CC79 /* Debug */ = {
			isa = XCBuildConfiguration;
			buildSettings = {
				ALWAYS_EMBED_SWIFT_STANDARD_LIBRARIES = YES;
				BUNDLE_LOADER = "$(TEST_HOST)";
				DEVELOPMENT_TEAM = 3F4YR8N9NF;
				INFOPLIST_FILE = SpeechToTextTests/Info.plist;
				LD_RUNPATH_SEARCH_PATHS = "$(inherited) @executable_path/Frameworks @loader_path/Frameworks";
				PRODUCT_BUNDLE_IDENTIFIER = com.Royce.SpeechToTextTests;
				PRODUCT_NAME = "$(TARGET_NAME)";
				SWIFT_VERSION = 3.0;
				TEST_HOST = "$(BUILT_PRODUCTS_DIR)/SpeechToText.app/SpeechToText";
			};
			name = Debug;
		};
		6BA7E1281DF5037D0037CC79 /* Release */ = {
			isa = XCBuildConfiguration;
			buildSettings = {
				ALWAYS_EMBED_SWIFT_STANDARD_LIBRARIES = YES;
				BUNDLE_LOADER = "$(TEST_HOST)";
				DEVELOPMENT_TEAM = 3F4YR8N9NF;
				INFOPLIST_FILE = SpeechToTextTests/Info.plist;
				LD_RUNPATH_SEARCH_PATHS = "$(inherited) @executable_path/Frameworks @loader_path/Frameworks";
				PRODUCT_BUNDLE_IDENTIFIER = com.Royce.SpeechToTextTests;
				PRODUCT_NAME = "$(TARGET_NAME)";
				SWIFT_VERSION = 3.0;
				TEST_HOST = "$(BUILT_PRODUCTS_DIR)/SpeechToText.app/SpeechToText";
			};
			name = Release;
		};
		6BA7E12A1DF5037D0037CC79 /* Debug */ = {
			isa = XCBuildConfiguration;
			buildSettings = {
				ALWAYS_EMBED_SWIFT_STANDARD_LIBRARIES = YES;
				DEVELOPMENT_TEAM = 3F4YR8N9NF;
				INFOPLIST_FILE = SpeechToTextUITests/Info.plist;
				LD_RUNPATH_SEARCH_PATHS = "$(inherited) @executable_path/Frameworks @loader_path/Frameworks";
				PRODUCT_BUNDLE_IDENTIFIER = com.Royce.SpeechToTextUITests;
				PRODUCT_NAME = "$(TARGET_NAME)";
				SWIFT_VERSION = 3.0;
				TEST_TARGET_NAME = SpeechToText;
			};
			name = Debug;
		};
		6BA7E12B1DF5037D0037CC79 /* Release */ = {
			isa = XCBuildConfiguration;
			buildSettings = {
				ALWAYS_EMBED_SWIFT_STANDARD_LIBRARIES = YES;
				DEVELOPMENT_TEAM = 3F4YR8N9NF;
				INFOPLIST_FILE = SpeechToTextUITests/Info.plist;
				LD_RUNPATH_SEARCH_PATHS = "$(inherited) @executable_path/Frameworks @loader_path/Frameworks";
				PRODUCT_BUNDLE_IDENTIFIER = com.Royce.SpeechToTextUITests;
				PRODUCT_NAME = "$(TARGET_NAME)";
				SWIFT_VERSION = 3.0;
				TEST_TARGET_NAME = SpeechToText;
			};
			name = Release;
		};
/* End XCBuildConfiguration section */

/* Begin XCConfigurationList section */
		6BA7E0F61DF5037C0037CC79 /* Build configuration list for PBXProject "SpeechToText" */ = {
			isa = XCConfigurationList;
			buildConfigurations = (
				6BA7E1211DF5037D0037CC79 /* Debug */,
				6BA7E1221DF5037D0037CC79 /* Release */,
			);
			defaultConfigurationIsVisible = 0;
			defaultConfigurationName = Release;
		};
		6BA7E1231DF5037D0037CC79 /* Build configuration list for PBXNativeTarget "SpeechToText" */ = {
			isa = XCConfigurationList;
			buildConfigurations = (
				6BA7E1241DF5037D0037CC79 /* Debug */,
				6BA7E1251DF5037D0037CC79 /* Release */,
			);
			defaultConfigurationIsVisible = 0;
		};
		6BA7E1261DF5037D0037CC79 /* Build configuration list for PBXNativeTarget "SpeechToTextTests" */ = {
			isa = XCConfigurationList;
			buildConfigurations = (
				6BA7E1271DF5037D0037CC79 /* Debug */,
				6BA7E1281DF5037D0037CC79 /* Release */,
			);
			defaultConfigurationIsVisible = 0;
		};
		6BA7E1291DF5037D0037CC79 /* Build configuration list for PBXNativeTarget "SpeechToTextUITests" */ = {
			isa = XCConfigurationList;
			buildConfigurations = (
				6BA7E12A1DF5037D0037CC79 /* Debug */,
				6BA7E12B1DF5037D0037CC79 /* Release */,
			);
			defaultConfigurationIsVisible = 0;
		};
/* End XCConfigurationList section */
	};
	rootObject = 6BA7E0F31DF5037C0037CC79 /* Project object */;
}
